
Microsoft Visual Studio Solution File, Format Version 12.00
# Visual Studio 15
VisualStudioVersion = 15.0.27004.2006
MinimumVisualStudioVersion = 10.0.40219.1
Project("{262852C6-CD72-467D-83FE-5EEB1973A190}") = "HW1", "HW1\HW1.jsproj", "{B8D68EC2-B667-4150-A7F5-2F344146E999}"
EndProject
Global
	GlobalSection(SolutionConfigurationPlatforms) = preSolution
		Debug|Any CPU = Debug|Any CPU
		Debug|ARM = Debug|ARM
		Debug|x64 = Debug|x64
		Debug|x86 = Debug|x86
		Release|Any CPU = Release|Any CPU
		Release|ARM = Release|ARM
		Release|x64 = Release|x64
		Release|x86 = Release|x86
	EndGlobalSection
	GlobalSection(ProjectConfigurationPlatforms) = postSolution
		{B8D68EC2-B667-4150-A7F5-2F344146E999}.Debug|Any CPU.ActiveCfg = Debug|Any CPU
		{B8D68EC2-B667-4150-A7F5-2F344146E999}.Debug|Any CPU.Build.0 = Debug|Any CPU
		{B8D68EC2-B667-4150-A7F5-2F344146E999}.Debug|Any CPU.Deploy.0 = Debug|Any CPU
		{B8D68EC2-B667-4150-A7F5-2F344146E999}.Debug|ARM.ActiveCfg = Debug|ARM
		{B8D68EC2-B667-4150-A7F5-2F344146E999}.Debug|ARM.Build.0 = Debug|ARM
		{B8D68EC2-B667-4150-A7F5-2F344146E999}.Debug|ARM.Deploy.0 = Debug|ARM
		{B8D68EC2-B667-4150-A7F5-2F344146E999}.Debug|x64.ActiveCfg = Debug|x64
		{B8D68EC2-B667-4150-A7F5-2F344146E999}.Debug|x64.Build.0 = Debug|x64
		{B8D68EC2-B667-4150-A7F5-2F344146E999}.Debug|x64.Deploy.0 = Debug|x64
		{B8D68EC2-B667-4150-A7F5-2F344146E999}.Debug|x86.ActiveCfg = Debug|x86
		{B8D68EC2-B667-4150-A7F5-2F344146E999}.Debug|x86.Build.0 = Debug|x86
		{B8D68EC2-B667-4150-A7F5-2F344146E999}.Debug|x86.Deploy.0 = Debug|x86
		{B8D68EC2-B667-4150-A7F5-2F344146E999}.Release|Any CPU.ActiveCfg = Release|Any CPU
		{B8D68EC2-B667-4150-A7F5-2F344146E999}.Release|Any CPU.Build.0 = Release|Any CPU
		{B8D68EC2-B667-4150-A7F5-2F344146E999}.Release|Any CPU.Deploy.0 = Release|Any CPU
		{B8D68EC2-B667-4150-A7F5-2F344146E999}.Release|ARM.ActiveCfg = Release|ARM
		{B8D68EC2-B667-4150-A7F5-2F344146E999}.Release|ARM.Build.0 = Release|ARM
		{B8D68EC2-B667-4150-A7F5-2F344146E999}.Release|ARM.Deploy.0 = Release|ARM
		{B8D68EC2-B667-4150-A7F5-2F344146E999}.Release|x64.ActiveCfg = Release|x64
		{B8D68EC2-B667-4150-A7F5-2F344146E999}.Release|x64.Build.0 = Release|x64
		{B8D68EC2-B667-4150-A7F5-2F344146E999}.Release|x64.Deploy.0 = Release|x64
		{B8D68EC2-B667-4150-A7F5-2F344146E999}.Release|x86.ActiveCfg = Release|x86
		{B8D68EC2-B667-4150-A7F5-2F344146E999}.Release|x86.Build.0 = Release|x86
		{B8D68EC2-B667-4150-A7F5-2F344146E999}.Release|x86.Deploy.0 = Release|x86
	EndGlobalSection
	GlobalSection(SolutionProperties) = preSolution
		HideSolutionNode = FALSE
	EndGlobalSection
	GlobalSection(ExtensibilityGlobals) = postSolution
		SolutionGuid = {CA6AC059-86F5-478B-B64A-71E69AC1FEB5}
	EndGlobalSection
EndGlobal
